
Microsoft Visual Studio Solution File, Format Version 12.00
# Visual Studio Version 17
VisualStudioVersion = 17.9.34714.143
MinimumVisualStudioVersion = 10.0.40219.1
Project("{2150E333-8FDC-42A3-9474-1A3956D46DE8}") = "Services", "Services", "{EE86C110-92C2-4B25-A5A5-9171E84C9339}"
EndProject
Project("{2150E333-8FDC-42A3-9474-1A3956D46DE8}") = "Catalog", "Catalog", "{7EBE5174-5C34-443E-A03F-7F2792311E0F}"
EndProject
Project("{9A19103F-16F7-4668-BE54-9A1E7A4F7556}") = "Catalog.Api", "Services\Catalog\Catalog.Api\Catalog.Api.csproj", "{02489254-9BB3-4FD2-BAA1-732158E8FCAE}"
EndProject
Project("{2150E333-8FDC-42A3-9474-1A3956D46DE8}") = "BuildingBlocks", "BuildingBlocks", "{8A2E8C5F-BFA4-4FBE-8446-E2389CCF660A}"
EndProject
Project("{9A19103F-16F7-4668-BE54-9A1E7A4F7556}") = "BuildingBlocks", "BuildingBlocks\BuildingBlocks\BuildingBlocks.csproj", "{CB39C4EA-9329-44E4-A68C-E90C53072BAC}"
EndProject
Project("{2150E333-8FDC-42A3-9474-1A3956D46DE8}") = "Basket", "Basket", "{DA9562C7-19E5-4E54-B8A5-4447481145E7}"
EndProject
Project("{9A19103F-16F7-4668-BE54-9A1E7A4F7556}") = "Basket.API", "Services\Basket\Basket.API\Basket.API.csproj", "{841EA0C5-4193-45D7-938B-42F9071BFBDD}"
EndProject
Project("{2150E333-8FDC-42A3-9474-1A3956D46DE8}") = "Discount", "Discount", "{9C632178-8AD1-43C9-85B2-F4A530B78A34}"
EndProject
Project("{9A19103F-16F7-4668-BE54-9A1E7A4F7556}") = "Discount.Grpc", "Services\Discount\Discount.Grpc\Discount.Grpc.csproj", "{31B24633-2713-49F3-AA0D-340E75E041F6}"
EndProject
Project("{2150E333-8FDC-42A3-9474-1A3956D46DE8}") = "Ordering", "Ordering", "{870EB223-466A-470A-8BA7-509E878783A9}"
EndProject
Project("{FAE04EC0-301F-11D3-BF4B-00C04F79EFBC}") = "Ordering", "Services\Ordering\Ordering\Ordering.csproj", "{E3852CCE-C78D-406F-85FD-F4CCA2EBF190}"
EndProject
Global
	GlobalSection(SolutionConfigurationPlatforms) = preSolution
		Debug|Any CPU = Debug|Any CPU
		Release|Any CPU = Release|Any CPU
	EndGlobalSection
	GlobalSection(ProjectConfigurationPlatforms) = postSolution
		{02489254-9BB3-4FD2-BAA1-732158E8FCAE}.Debug|Any CPU.ActiveCfg = Debug|Any CPU
		{02489254-9BB3-4FD2-BAA1-732158E8FCAE}.Debug|Any CPU.Build.0 = Debug|Any CPU
		{02489254-9BB3-4FD2-BAA1-732158E8FCAE}.Release|Any CPU.ActiveCfg = Release|Any CPU
		{02489254-9BB3-4FD2-BAA1-732158E8FCAE}.Release|Any CPU.Build.0 = Release|Any CPU
		{CB39C4EA-9329-44E4-A68C-E90C53072BAC}.Debug|Any CPU.ActiveCfg = Debug|Any CPU
		{CB39C4EA-9329-44E4-A68C-E90C53072BAC}.Debug|Any CPU.Build.0 = Debug|Any CPU
		{CB39C4EA-9329-44E4-A68C-E90C53072BAC}.Release|Any CPU.ActiveCfg = Release|Any CPU
		{CB39C4EA-9329-44E4-A68C-E90C53072BAC}.Release|Any CPU.Build.0 = Release|Any CPU
		{841EA0C5-4193-45D7-938B-42F9071BFBDD}.Debug|Any CPU.ActiveCfg = Debug|Any CPU
		{841EA0C5-4193-45D7-938B-42F9071BFBDD}.Debug|Any CPU.Build.0 = Debug|Any CPU
		{841EA0C5-4193-45D7-938B-42F9071BFBDD}.Release|Any CPU.ActiveCfg = Release|Any CPU
		{841EA0C5-4193-45D7-938B-42F9071BFBDD}.Release|Any CPU.Build.0 = Release|Any CPU
		{31B24633-2713-49F3-AA0D-340E75E041F6}.Debug|Any CPU.ActiveCfg = Debug|Any CPU
		{31B24633-2713-49F3-AA0D-340E75E041F6}.Debug|Any CPU.Build.0 = Debug|Any CPU
		{31B24633-2713-49F3-AA0D-340E75E041F6}.Release|Any CPU.ActiveCfg = Release|Any CPU
		{31B24633-2713-49F3-AA0D-340E75E041F6}.Release|Any CPU.Build.0 = Release|Any CPU
		{E3852CCE-C78D-406F-85FD-F4CCA2EBF190}.Debug|Any CPU.ActiveCfg = Debug|Any CPU
		{E3852CCE-C78D-406F-85FD-F4CCA2EBF190}.Debug|Any CPU.Build.0 = Debug|Any CPU
		{E3852CCE-C78D-406F-85FD-F4CCA2EBF190}.Release|Any CPU.ActiveCfg = Release|Any CPU
		{E3852CCE-C78D-406F-85FD-F4CCA2EBF190}.Release|Any CPU.Build.0 = Release|Any CPU
	EndGlobalSection
	GlobalSection(SolutionProperties) = preSolution
		HideSolutionNode = FALSE
	EndGlobalSection
	GlobalSection(NestedProjects) = preSolution
		{7EBE5174-5C34-443E-A03F-7F2792311E0F} = {EE86C110-92C2-4B25-A5A5-9171E84C9339}
		{02489254-9BB3-4FD2-BAA1-732158E8FCAE} = {7EBE5174-5C34-443E-A03F-7F2792311E0F}
		{CB39C4EA-9329-44E4-A68C-E90C53072BAC} = {8A2E8C5F-BFA4-4FBE-8446-E2389CCF660A}
		{DA9562C7-19E5-4E54-B8A5-4447481145E7} = {EE86C110-92C2-4B25-A5A5-9171E84C9339}
		{841EA0C5-4193-45D7-938B-42F9071BFBDD} = {DA9562C7-19E5-4E54-B8A5-4447481145E7}
		{9C632178-8AD1-43C9-85B2-F4A530B78A34} = {EE86C110-92C2-4B25-A5A5-9171E84C9339}
		{31B24633-2713-49F3-AA0D-340E75E041F6} = {9C632178-8AD1-43C9-85B2-F4A530B78A34}
		{870EB223-466A-470A-8BA7-509E878783A9} = {EE86C110-92C2-4B25-A5A5-9171E84C9339}
		{E3852CCE-C78D-406F-85FD-F4CCA2EBF190} = {870EB223-466A-470A-8BA7-509E878783A9}
	EndGlobalSection
	GlobalSection(ExtensibilityGlobals) = postSolution
		SolutionGuid = {3D3ADAE2-1987-4885-A6C5-A37B583E23FE}
	EndGlobalSection
EndGlobal
